
Microsoft Visual Studio Solution File, Format Version 12.00
# Visual Studio Version 16
VisualStudioVersion = 16.0.31624.102
MinimumVisualStudioVersion = 10.0.40219.1
Project("{FAE04EC0-301F-11D3-BF4B-00C04F79EFBC}") = "The Error Application", "The Error Application.csproj", "{CE52C07A-AF94-40FA-96E1-C873E34B8C6F}"
EndProject
Project("{FAE04EC0-301F-11D3-BF4B-00C04F79EFBC}") = "DAL", "..\DAL\DAL.csproj", "{0EE2C9C2-05C4-45A2-BBA0-12E9FC6D33D4}"
EndProject
Project("{FAE04EC0-301F-11D3-BF4B-00C04F79EFBC}") = "BLL", "..\BLL\BLL.csproj", "{54998704-0A88-42B9-BCF2-EC9EB752E788}"
EndProject
Global
	GlobalSection(SolutionConfigurationPlatforms) = preSolution
		Debug|Any CPU = Debug|Any CPU
		Release|Any CPU = Release|Any CPU
	EndGlobalSection
	GlobalSection(ProjectConfigurationPlatforms) = postSolution
		{CE52C07A-AF94-40FA-96E1-C873E34B8C6F}.Debug|Any CPU.ActiveCfg = Debug|Any CPU
		{CE52C07A-AF94-40FA-96E1-C873E34B8C6F}.Debug|Any CPU.Build.0 = Debug|Any CPU
		{CE52C07A-AF94-40FA-96E1-C873E34B8C6F}.Release|Any CPU.ActiveCfg = Release|Any CPU
		{CE52C07A-AF94-40FA-96E1-C873E34B8C6F}.Release|Any CPU.Build.0 = Release|Any CPU
		{0EE2C9C2-05C4-45A2-BBA0-12E9FC6D33D4}.Debug|Any CPU.ActiveCfg = Debug|Any CPU
		{0EE2C9C2-05C4-45A2-BBA0-12E9FC6D33D4}.Debug|Any CPU.Build.0 = Debug|Any CPU
		{0EE2C9C2-05C4-45A2-BBA0-12E9FC6D33D4}.Release|Any CPU.ActiveCfg = Release|Any CPU
		{0EE2C9C2-05C4-45A2-BBA0-12E9FC6D33D4}.Release|Any CPU.Build.0 = Release|Any CPU
		{54998704-0A88-42B9-BCF2-EC9EB752E788}.Debug|Any CPU.ActiveCfg = Debug|Any CPU
		{54998704-0A88-42B9-BCF2-EC9EB752E788}.Debug|Any CPU.Build.0 = Debug|Any CPU
		{54998704-0A88-42B9-BCF2-EC9EB752E788}.Release|Any CPU.ActiveCfg = Release|Any CPU
		{54998704-0A88-42B9-BCF2-EC9EB752E788}.Release|Any CPU.Build.0 = Release|Any CPU
	EndGlobalSection
	GlobalSection(SolutionProperties) = preSolution
		HideSolutionNode = FALSE
	EndGlobalSection
	GlobalSection(ExtensibilityGlobals) = postSolution
		SolutionGuid = {730FDA98-4D32-416E-B8F7-78A7666B2966}
	EndGlobalSection
EndGlobal
